
Microsoft Visual Studio Solution File, Format Version 12.00
# Visual Studio Version 17
VisualStudioVersion = 17.0.32112.339
MinimumVisualStudioVersion = 10.0.40219.1
Project("{FAE04EC0-301F-11D3-BF4B-00C04F79EFBC}") = "myWebApp", "myWebApp.csproj", "{2AA4B896-1BF4-4ABB-AC0A-49BCC3BF97DB}"
EndProject
Global
	GlobalSection(SolutionConfigurationPlatforms) = preSolution
		Debug|Any CPU = Debug|Any CPU
		Release|Any CPU = Release|Any CPU
	EndGlobalSection
	GlobalSection(ProjectConfigurationPlatforms) = postSolution
		{2AA4B896-1BF4-4ABB-AC0A-49BCC3BF97DB}.Debug|Any CPU.ActiveCfg = Debug|Any CPU
		{2AA4B896-1BF4-4ABB-AC0A-49BCC3BF97DB}.Debug|Any CPU.Build.0 = Debug|Any CPU
		{2AA4B896-1BF4-4ABB-AC0A-49BCC3BF97DB}.Release|Any CPU.ActiveCfg = Release|Any CPU
		{2AA4B896-1BF4-4ABB-AC0A-49BCC3BF97DB}.Release|Any CPU.Build.0 = Release|Any CPU
	EndGlobalSection
	GlobalSection(SolutionProperties) = preSolution
		HideSolutionNode = FALSE
	EndGlobalSection
	GlobalSection(ExtensibilityGlobals) = postSolution
		SolutionGuid = {F2BF20A7-A012-4FAD-A247-7C2F25EC54C1}
	EndGlobalSection
EndGlobal
